PODS:
  - Flutter (1.0.0)
  - libpag (4.0.5.17)
  - pag (0.0.1):
    - Flutter
    - libpag

DEPENDENCIES:
  - Flutter (from `Flutter`)
  - libpag
  - pag (from `.symlinks/plugins/pag/ios`)

SPEC REPOS:
  trunk:
    - libpag

EXTERNAL SOURCES:
  Flutter:
    :path: Flutter
  pag:
    :path: ".symlinks/plugins/pag/ios"

SPEC CHECKSUMS:
  Flutter: 50d75fe2f02b26cc09d224853bb45737f8b3214a
  libpag: c704ce5c2a4c3fcb59e0fcde4d5e18610d5b789d
  pag: ff30ba5e4be59380a5ddac6b183905729be15a3c

PODFILE CHECKSUM: de9ac49b3da961465d87ba3338db1b076549f1bb

COCOAPODS: 1.11.2
