PODS:
  - Flutter (1.0.0)
  - flutter_pag_plugin (0.0.1):
    - Flutter
    - libpag
  - libpag (3.2.4.9)

DEPENDENCIES:
  - Flutter (from `Flutter`)
  - flutter_pag_plugin (from `.symlinks/plugins/flutter_pag_plugin/ios`)
  - libpag (from `https://git.woa.com/CameraToolsGroup/pag-ios.git`, tag `dev/v3.2.4.9`)

EXTERNAL SOURCES:
  Flutter:
    :path: Flutter
  flutter_pag_plugin:
    :path: ".symlinks/plugins/flutter_pag_plugin/ios"
  libpag:
    :git: https://git.woa.com/CameraToolsGroup/pag-ios.git
    :tag: dev/v3.2.4.9

CHECKOUT OPTIONS:
  libpag:
    :git: https://git.woa.com/CameraToolsGroup/pag-ios.git
    :tag: dev/v3.2.4.9

SPEC CHECKSUMS:
  Flutter: 50d75fe2f02b26cc09d224853bb45737f8b3214a
  flutter_pag_plugin: dc9bfb74eca8bcef7a62655873a951237d0ee4b2
  libpag: b634e2b6cadcb3b3b11b7c08488e5b7e42f7bafd

PODFILE CHECKSUM: b79697d4236ccf5ec780424550adeae953e871d6

COCOAPODS: 1.11.2
